// !$*UTF8*$!
{
	archiveVersion = 1;
	classes = {
	};
	objectVersion = 56;
	objects = {

/* Begin PBXBuildFile section */
		372B595C2C21266B001ED696 /* BlanketKickApp.swift in Sources */ = {isa = PBXBuildFile; fileRef = 372B595B2C21266B001ED696 /* BlanketKickApp.swift */; };
		372B59602C21266C001ED696 /* Assets.xcassets in Resources */ = {isa = PBXBuildFile; fileRef = 372B595F2C21266C001ED696 /* Assets.xcassets */; };
		372B59632C21266C001ED696 /* Preview Assets.xcassets in Resources */ = {isa = PBXBuildFile; fileRef = 372B59622C21266C001ED696 /* Preview Assets.xcassets */; };
		372B59652C21266C001ED696 /* Persistence.swift in Sources */ = {isa = PBXBuildFile; fileRef = 372B59642C21266C001ED696 /* Persistence.swift */; };
		372B59682C21266C001ED696 /* BlanketKick.xcdatamodeld in Sources */ = {isa = PBXBuildFile; fileRef = 372B59662C21266C001ED696 /* BlanketKick.xcdatamodeld */; };
		372B59722C21266C001ED696 /* BlanketKickTests.swift in Sources */ = {isa = PBXBuildFile; fileRef = 372B59712C21266C001ED696 /* BlanketKickTests.swift */; };
		372B597C2C21266C001ED696 /* BlanketKickUITests.swift in Sources */ = {isa = PBXBuildFile; fileRef = 372B597B2C21266C001ED696 /* BlanketKickUITests.swift */; };
		372B597E2C21266C001ED696 /* BlanketKickUITestsLaunchTests.swift in Sources */ = {isa = PBXBuildFile; fileRef = 372B597D2C21266C001ED696 /* BlanketKickUITestsLaunchTests.swift */; };
		372F5E572C5715A900064283 /* MainTab_ViewModel.swift in Sources */ = {isa = PBXBuildFile; fileRef = 372F5E562C5715A900064283 /* MainTab_ViewModel.swift */; };
		372F5E612C5A0D5600064283 /* Todo_View.swift in Sources */ = {isa = PBXBuildFile; fileRef = 372F5E602C5A0D5600064283 /* Todo_View.swift */; };
		372F5E632C5A0D6400064283 /* Todo_ViewModel.swift in Sources */ = {isa = PBXBuildFile; fileRef = 372F5E622C5A0D6400064283 /* Todo_ViewModel.swift */; };
		372F5E652C6385C200064283 /* AppStateForLoginLogOut.swift in Sources */ = {isa = PBXBuildFile; fileRef = 372F5E642C6385C200064283 /* AppStateForLoginLogOut.swift */; };
		375858EB2C2E47FE002978EE /* GoogleService-Info.plist in Resources */ = {isa = PBXBuildFile; fileRef = 375858EA2C2E47FD002978EE /* GoogleService-Info.plist */; };
		375858EC2C2E48CE002978EE /* Pods_BlanketKick.framework in Frameworks */ = {isa = PBXBuildFile; fileRef = 6766C7015799D39A52E42489 /* Pods_BlanketKick.framework */; };
		375858ED2C2E48CE002978EE /* Pods_BlanketKick.framework in Embed Frameworks */ = {isa = PBXBuildFile; fileRef = 6766C7015799D39A52E42489 /* Pods_BlanketKick.framework */; settings = {ATTRIBUTES = (CodeSignOnCopy, RemoveHeadersOnCopy, ); }; };
		37A4522B2C21276F00A2AFDA /* View_SignIN.swift in Sources */ = {isa = PBXBuildFile; fileRef = 37A4522A2C21276F00A2AFDA /* View_SignIN.swift */; };
		37A4522D2C21278800A2AFDA /* ViewModel_SignIN.swift in Sources */ = {isa = PBXBuildFile; fileRef = 37A4522C2C21278800A2AFDA /* ViewModel_SignIN.swift */; };
		37A4522F2C2127B700A2AFDA /* View_SignUP.swift in Sources */ = {isa = PBXBuildFile; fileRef = 37A4522E2C2127B700A2AFDA /* View_SignUP.swift */; };
		37A452312C2127C400A2AFDA /* ViewModel_SignUP.swift in Sources */ = {isa = PBXBuildFile; fileRef = 37A452302C2127C400A2AFDA /* ViewModel_SignUP.swift */; };
		37A452332C2127E200A2AFDA /* Model_SignIN_SignUP.swift in Sources */ = {isa = PBXBuildFile; fileRef = 37A452322C2127E200A2AFDA /* Model_SignIN_SignUP.swift */; };
		37A452352C21280100A2AFDA /* ImagePicker.swift in Sources */ = {isa = PBXBuildFile; fileRef = 37A452342C21280100A2AFDA /* ImagePicker.swift */; };
		37A452372C21281300A2AFDA /* GradientText.swift in Sources */ = {isa = PBXBuildFile; fileRef = 37A452362C21281300A2AFDA /* GradientText.swift */; };
		37A452392C21282300A2AFDA /* GradientStrokeButton.swift in Sources */ = {isa = PBXBuildFile; fileRef = 37A452382C21282300A2AFDA /* GradientStrokeButton.swift */; };
		37A4523B2C21283500A2AFDA /* GradientCircle.swift in Sources */ = {isa = PBXBuildFile; fileRef = 37A4523A2C21283500A2AFDA /* GradientCircle.swift */; };
		37A4523D2C21284400A2AFDA /* GradientStrokeTextField.swift in Sources */ = {isa = PBXBuildFile; fileRef = 37A4523C2C21284400A2AFDA /* GradientStrokeTextField.swift */; };
		37A4523F2C21285300A2AFDA /* GradientStrokeSecureField.swift in Sources */ = {isa = PBXBuildFile; fileRef = 37A4523E2C21285300A2AFDA /* GradientStrokeSecureField.swift */; };
		37A452412C21286100A2AFDA /* WavyRectangle.swift in Sources */ = {isa = PBXBuildFile; fileRef = 37A452402C21286100A2AFDA /* WavyRectangle.swift */; };
		37DCA73D2C3E260A00E47E33 /* User_View.swift in Sources */ = {isa = PBXBuildFile; fileRef = 37DCA73C2C3E260A00E47E33 /* User_View.swift */; };
		37DCA73F2C3E261F00E47E33 /* User_ViewModel.swift in Sources */ = {isa = PBXBuildFile; fileRef = 37DCA73E2C3E261F00E47E33 /* User_ViewModel.swift */; };
		37DCA7422C3E2AFF00E47E33 /* MainTab_View.swift in Sources */ = {isa = PBXBuildFile; fileRef = 37DCA7412C3E2AFF00E47E33 /* MainTab_View.swift */; };
		37DCA7472C489C2300E47E33 /* Firebase.swift in Sources */ = {isa = PBXBuildFile; fileRef = 37DCA7462C489C2300E47E33 /* Firebase.swift */; };
		6C77749D42A5EC6ADE49FEDE /* Pods_BlanketKickTests.framework in Frameworks */ = {isa = PBXBuildFile; fileRef = 1660888A979CDF83E261760B /* Pods_BlanketKickTests.framework */; };
		F99CF32ED76959AAB175132C /* Pods_BlanketKick_BlanketKickUITests.framework in Frameworks */ = {isa = PBXBuildFile; fileRef = 11A299D3595A4DC0687FA0FC /* Pods_BlanketKick_BlanketKickUITests.framework */; };
/* End PBXBuildFile section */

/* Begin PBXContainerItemProxy section */
		372B596E2C21266C001ED696 /* PBXContainerItemProxy */ = {
			isa = PBXContainerItemProxy;
			containerPortal = 372B59502C21266B001ED696 /* Project object */;
			proxyType = 1;
			remoteGlobalIDString = 372B59572C21266B001ED696;
			remoteInfo = BlanketKick;
		};
		372B59782C21266C001ED696 /* PBXContainerItemProxy */ = {
			isa = PBXContainerItemProxy;
			containerPortal = 372B59502C21266B001ED696 /* Project object */;
			proxyType = 1;
			remoteGlobalIDString = 372B59572C21266B001ED696;
			remoteInfo = BlanketKick;
		};
/* End PBXContainerItemProxy section */

/* Begin PBXCopyFilesBuildPhase section */
		375858EE2C2E48CE002978EE /* Embed Frameworks */ = {
			isa = PBXCopyFilesBuildPhase;
			buildActionMask = 2147483647;
			dstPath = "";
			dstSubfolderSpec = 10;
			files = (
				375858ED2C2E48CE002978EE /* Pods_BlanketKick.framework in Embed Frameworks */,
			);
			name = "Embed Frameworks";
			runOnlyForDeploymentPostprocessing = 0;
		};
/* End PBXCopyFilesBuildPhase section */

/* Begin PBXFileReference section */
		02F5CFD85625BF0496485CDF /* Pods-BlanketKick.release.xcconfig */ = {isa = PBXFileReference; includeInIndex = 1; lastKnownFileType = text.xcconfig; name = "Pods-BlanketKick.release.xcconfig"; path = "Target Support Files/Pods-BlanketKick/Pods-BlanketKick.release.xcconfig"; sourceTree = "<group>"; };
		11A299D3595A4DC0687FA0FC /* Pods_BlanketKick_BlanketKickUITests.framework */ = {isa = PBXFileReference; explicitFileType = wrapper.framework; includeInIndex = 0; path = Pods_BlanketKick_BlanketKickUITests.framework; sourceTree = BUILT_PRODUCTS_DIR; };
		1660888A979CDF83E261760B /* Pods_BlanketKickTests.framework */ = {isa = PBXFileReference; explicitFileType = wrapper.framework; includeInIndex = 0; path = Pods_BlanketKickTests.framework; sourceTree = BUILT_PRODUCTS_DIR; };
		25E53A2BD2A5EF9B275C41EA /* Pods-BlanketKickTests.release.xcconfig */ = {isa = PBXFileReference; includeInIndex = 1; lastKnownFileType = text.xcconfig; name = "Pods-BlanketKickTests.release.xcconfig"; path = "Target Support Files/Pods-BlanketKickTests/Pods-BlanketKickTests.release.xcconfig"; sourceTree = "<group>"; };
		3020A30216B477E96C59BECD /* Pods-BlanketKick.debug.xcconfig */ = {isa = PBXFileReference; includeInIndex = 1; lastKnownFileType = text.xcconfig; name = "Pods-BlanketKick.debug.xcconfig"; path = "Target Support Files/Pods-BlanketKick/Pods-BlanketKick.debug.xcconfig"; sourceTree = "<group>"; };
		372B59582C21266B001ED696 /* BlanketKick.app */ = {isa = PBXFileReference; explicitFileType = wrapper.application; includeInIndex = 0; path = BlanketKick.app; sourceTree = BUILT_PRODUCTS_DIR; };
		372B595B2C21266B001ED696 /* BlanketKickApp.swift */ = {isa = PBXFileReference; lastKnownFileType = sourcecode.swift; path = BlanketKickApp.swift; sourceTree = "<group>"; };
		372B595F2C21266C001ED696 /* Assets.xcassets */ = {isa = PBXFileReference; lastKnownFileType = folder.assetcatalog; path = Assets.xcassets; sourceTree = "<group>"; };
		372B59622C21266C001ED696 /* Preview Assets.xcassets */ = {isa = PBXFileReference; lastKnownFileType = folder.assetcatalog; path = "Preview Assets.xcassets"; sourceTree = "<group>"; };
		372B59642C21266C001ED696 /* Persistence.swift */ = {isa = PBXFileReference; lastKnownFileType = sourcecode.swift; path = Persistence.swift; sourceTree = "<group>"; };
		372B59672C21266C001ED696 /* BlanketKick.xcdatamodel */ = {isa = PBXFileReference; lastKnownFileType = wrapper.xcdatamodel; path = BlanketKick.xcdatamodel; sourceTree = "<group>"; };
		372B596D2C21266C001ED696 /* BlanketKickTests.xctest */ = {isa = PBXFileReference; explicitFileType = wrapper.cfbundle; includeInIndex = 0; path = BlanketKickTests.xctest; sourceTree = BUILT_PRODUCTS_DIR; };
		372B59712C21266C001ED696 /* BlanketKickTests.swift */ = {isa = PBXFileReference; lastKnownFileType = sourcecode.swift; path = BlanketKickTests.swift; sourceTree = "<group>"; };
		372B59772C21266C001ED696 /* BlanketKickUITests.xctest */ = {isa = PBXFileReference; explicitFileType = wrapper.cfbundle; includeInIndex = 0; path = BlanketKickUITests.xctest; sourceTree = BUILT_PRODUCTS_DIR; };
		372B597B2C21266C001ED696 /* BlanketKickUITests.swift */ = {isa = PBXFileReference; lastKnownFileType = sourcecode.swift; path = BlanketKickUITests.swift; sourceTree = "<group>"; };
		372B597D2C21266C001ED696 /* BlanketKickUITestsLaunchTests.swift */ = {isa = PBXFileReference; lastKnownFileType = sourcecode.swift; path = BlanketKickUITestsLaunchTests.swift; sourceTree = "<group>"; };
		372F5E562C5715A900064283 /* MainTab_ViewModel.swift */ = {isa = PBXFileReference; lastKnownFileType = sourcecode.swift; path = MainTab_ViewModel.swift; sourceTree = "<group>"; };
		372F5E602C5A0D5600064283 /* Todo_View.swift */ = {isa = PBXFileReference; lastKnownFileType = sourcecode.swift; path = Todo_View.swift; sourceTree = "<group>"; };
		372F5E622C5A0D6400064283 /* Todo_ViewModel.swift */ = {isa = PBXFileReference; lastKnownFileType = sourcecode.swift; path = Todo_ViewModel.swift; sourceTree = "<group>"; };
		372F5E642C6385C200064283 /* AppStateForLoginLogOut.swift */ = {isa = PBXFileReference; lastKnownFileType = sourcecode.swift; path = AppStateForLoginLogOut.swift; sourceTree = "<group>"; };
		375858EA2C2E47FD002978EE /* GoogleService-Info.plist */ = {isa = PBXFileReference; fileEncoding = 4; lastKnownFileType = text.plist.xml; path = "GoogleService-Info.plist"; sourceTree = "<group>"; };
		37A4522A2C21276F00A2AFDA /* View_SignIN.swift */ = {isa = PBXFileReference; lastKnownFileType = sourcecode.swift; path = View_SignIN.swift; sourceTree = "<group>"; };
		37A4522C2C21278800A2AFDA /* ViewModel_SignIN.swift */ = {isa = PBXFileReference; lastKnownFileType = sourcecode.swift; path = ViewModel_SignIN.swift; sourceTree = "<group>"; };
		37A4522E2C2127B700A2AFDA /* View_SignUP.swift */ = {isa = PBXFileReference; lastKnownFileType = sourcecode.swift; path = View_SignUP.swift; sourceTree = "<group>"; };
		37A452302C2127C400A2AFDA /* ViewModel_SignUP.swift */ = {isa = PBXFileReference; lastKnownFileType = sourcecode.swift; path = ViewModel_SignUP.swift; sourceTree = "<group>"; };
		37A452322C2127E200A2AFDA /* Model_SignIN_SignUP.swift */ = {isa = PBXFileReference; lastKnownFileType = sourcecode.swift; path = Model_SignIN_SignUP.swift; sourceTree = "<group>"; };
		37A452342C21280100A2AFDA /* ImagePicker.swift */ = {isa = PBXFileReference; lastKnownFileType = sourcecode.swift; path = ImagePicker.swift; sourceTree = "<group>"; };
		37A452362C21281300A2AFDA /* GradientText.swift */ = {isa = PBXFileReference; lastKnownFileType = sourcecode.swift; path = GradientText.swift; sourceTree = "<group>"; };
		37A452382C21282300A2AFDA /* GradientStrokeButton.swift */ = {isa = PBXFileReference; lastKnownFileType = sourcecode.swift; path = GradientStrokeButton.swift; sourceTree = "<group>"; };
		37A4523A2C21283500A2AFDA /* GradientCircle.swift */ = {isa = PBXFileReference; lastKnownFileType = sourcecode.swift; path = GradientCircle.swift; sourceTree = "<group>"; };
		37A4523C2C21284400A2AFDA /* GradientStrokeTextField.swift */ = {isa = PBXFileReference; lastKnownFileType = sourcecode.swift; path = GradientStrokeTextField.swift; sourceTree = "<group>"; };
		37A4523E2C21285300A2AFDA /* GradientStrokeSecureField.swift */ = {isa = PBXFileReference; lastKnownFileType = sourcecode.swift; path = GradientStrokeSecureField.swift; sourceTree = "<group>"; };
		37A452402C21286100A2AFDA /* WavyRectangle.swift */ = {isa = PBXFileReference; lastKnownFileType = sourcecode.swift; path = WavyRectangle.swift; sourceTree = "<group>"; };
		37DCA73C2C3E260A00E47E33 /* User_View.swift */ = {isa = PBXFileReference; lastKnownFileType = sourcecode.swift; path = User_View.swift; sourceTree = "<group>"; };
		37DCA73E2C3E261F00E47E33 /* User_ViewModel.swift */ = {isa = PBXFileReference; lastKnownFileType = sourcecode.swift; path = User_ViewModel.swift; sourceTree = "<group>"; };
		37DCA7412C3E2AFF00E47E33 /* MainTab_View.swift */ = {isa = PBXFileReference; lastKnownFileType = sourcecode.swift; path = MainTab_View.swift; sourceTree = "<group>"; };
		37DCA7462C489C2300E47E33 /* Firebase.swift */ = {isa = PBXFileReference; lastKnownFileType = sourcecode.swift; path = Firebase.swift; sourceTree = "<group>"; };
		5BE68F83D61E5EC4828D4552 /* Pods-BlanketKick-BlanketKickUITests.debug.xcconfig */ = {isa = PBXFileReference; includeInIndex = 1; lastKnownFileType = text.xcconfig; name = "Pods-BlanketKick-BlanketKickUITests.debug.xcconfig"; path = "Target Support Files/Pods-BlanketKick-BlanketKickUITests/Pods-BlanketKick-BlanketKickUITests.debug.xcconfig"; sourceTree = "<group>"; };
		6766C7015799D39A52E42489 /* Pods_BlanketKick.framework */ = {isa = PBXFileReference; explicitFileType = wrapper.framework; includeInIndex = 0; path = Pods_BlanketKick.framework; sourceTree = BUILT_PRODUCTS_DIR; };
		81E8DDCBB0677C2277F5D937 /* Pods-BlanketKickTests.debug.xcconfig */ = {isa = PBXFileReference; includeInIndex = 1; lastKnownFileType = text.xcconfig; name = "Pods-BlanketKickTests.debug.xcconfig"; path = "Target Support Files/Pods-BlanketKickTests/Pods-BlanketKickTests.debug.xcconfig"; sourceTree = "<group>"; };
		8E58FE1108C6A9C14D61AC36 /* Pods-BlanketKick-BlanketKickUITests.release.xcconfig */ = {isa = PBXFileReference; includeInIndex = 1; lastKnownFileType = text.xcconfig; name = "Pods-BlanketKick-BlanketKickUITests.release.xcconfig"; path = "Target Support Files/Pods-BlanketKick-BlanketKickUITests/Pods-BlanketKick-BlanketKickUITests.release.xcconfig"; sourceTree = "<group>"; };
/* End PBXFileReference section */

/* Begin PBXFrameworksBuildPhase section */
		372B59552C21266B001ED696 /* Frameworks */ = {
			isa = PBXFrameworksBuildPhase;
			buildActionMask = 2147483647;
			files = (
				375858EC2C2E48CE002978EE /* Pods_BlanketKick.framework in Frameworks */,
			);
			runOnlyForDeploymentPostprocessing = 0;
		};
		372B596A2C21266C001ED696 /* Frameworks */ = {
			isa = PBXFrameworksBuildPhase;
			buildActionMask = 2147483647;
			files = (
				6C77749D42A5EC6ADE49FEDE /* Pods_BlanketKickTests.framework in Frameworks */,
			);
			runOnlyForDeploymentPostprocessing = 0;
		};
		372B59742C21266C001ED696 /* Frameworks */ = {
			isa = PBXFrameworksBuildPhase;
			buildActionMask = 2147483647;
			files = (
				F99CF32ED76959AAB175132C /* Pods_BlanketKick_BlanketKickUITests.framework in Frameworks */,
			);
			runOnlyForDeploymentPostprocessing = 0;
		};
/* End PBXFrameworksBuildPhase section */

/* Begin PBXGroup section */
		372B594F2C21266B001ED696 = {
			isa = PBXGroup;
			children = (
				372B595A2C21266B001ED696 /* BlanketKick */,
				372B59702C21266C001ED696 /* BlanketKickTests */,
				372B597A2C21266C001ED696 /* BlanketKickUITests */,
				372B59592C21266B001ED696 /* Products */,
				876E55FE1678588BC6193248 /* Pods */,
				8D409ED01E9E600BC445BC76 /* Frameworks */,
			);
			sourceTree = "<group>";
		};
		372B59592C21266B001ED696 /* Products */ = {
			isa = PBXGroup;
			children = (
				372B59582C21266B001ED696 /* BlanketKick.app */,
				372B596D2C21266C001ED696 /* BlanketKickTests.xctest */,
				372B59772C21266C001ED696 /* BlanketKickUITests.xctest */,
			);
			name = Products;
			sourceTree = "<group>";
		};
		372B595A2C21266B001ED696 /* BlanketKick */ = {
			isa = PBXGroup;
			children = (
				37DCA73A2C3E25C900E47E33 /* Main */,
				37A452272C21270300A2AFDA /* Login */,
				37A452262C2126F100A2AFDA /* Customizing */,
				37A452242C2126E100A2AFDA /* Tool */,
				372B595B2C21266B001ED696 /* BlanketKickApp.swift */,
				372B595F2C21266C001ED696 /* Assets.xcassets */,
				375858EA2C2E47FD002978EE /* GoogleService-Info.plist */,
				372B59642C21266C001ED696 /* Persistence.swift */,
				372B59662C21266C001ED696 /* BlanketKick.xcdatamodeld */,
				372B59612C21266C001ED696 /* Preview Content */,
			);
			path = BlanketKick;
			sourceTree = "<group>";
		};
		372B59612C21266C001ED696 /* Preview Content */ = {
			isa = PBXGroup;
			children = (
				372B59622C21266C001ED696 /* Preview Assets.xcassets */,
			);
			path = "Preview Content";
			sourceTree = "<group>";
		};
		372B59702C21266C001ED696 /* BlanketKickTests */ = {
			isa = PBXGroup;
			children = (
				372B59712C21266C001ED696 /* BlanketKickTests.swift */,
			);
			path = BlanketKickTests;
			sourceTree = "<group>";
		};
		372B597A2C21266C001ED696 /* BlanketKickUITests */ = {
			isa = PBXGroup;
			children = (
				372B597B2C21266C001ED696 /* BlanketKickUITests.swift */,
				372B597D2C21266C001ED696 /* BlanketKickUITestsLaunchTests.swift */,
			);
			path = BlanketKickUITests;
			sourceTree = "<group>";
		};
		372F5E5F2C5A0D4500064283 /* Todo */ = {
			isa = PBXGroup;
			children = (
				372F5E602C5A0D5600064283 /* Todo_View.swift */,
				372F5E622C5A0D6400064283 /* Todo_ViewModel.swift */,
			);
			path = Todo;
			sourceTree = "<group>";
		};
		37A452242C2126E100A2AFDA /* Tool */ = {
			isa = PBXGroup;
			children = (
				37A452342C21280100A2AFDA /* ImagePicker.swift */,
				37DCA7462C489C2300E47E33 /* Firebase.swift */,
				372F5E642C6385C200064283 /* AppStateForLoginLogOut.swift */,
			);
			path = Tool;
			sourceTree = "<group>";
		};
		37A452262C2126F100A2AFDA /* Customizing */ = {
			isa = PBXGroup;
			children = (
				37A452362C21281300A2AFDA /* GradientText.swift */,
				37A4523A2C21283500A2AFDA /* GradientCircle.swift */,
				37A4523C2C21284400A2AFDA /* GradientStrokeTextField.swift */,
				37A452382C21282300A2AFDA /* GradientStrokeButton.swift */,
				37A4523E2C21285300A2AFDA /* GradientStrokeSecureField.swift */,
				37A452402C21286100A2AFDA /* WavyRectangle.swift */,
			);
			path = Customizing;
			sourceTree = "<group>";
		};
		37A452272C21270300A2AFDA /* Login */ = {
			isa = PBXGroup;
			children = (
				37A452292C21272000A2AFDA /* SignIN */,
				37A452282C21270900A2AFDA /* SignUP */,
				37A452322C2127E200A2AFDA /* Model_SignIN_SignUP.swift */,
			);
			path = Login;
			sourceTree = "<group>";
		};
		37A452282C21270900A2AFDA /* SignUP */ = {
			isa = PBXGroup;
			children = (
				37A4522E2C2127B700A2AFDA /* View_SignUP.swift */,
				37A452302C2127C400A2AFDA /* ViewModel_SignUP.swift */,
			);
			path = SignUP;
			sourceTree = "<group>";
		};
		37A452292C21272000A2AFDA /* SignIN */ = {
			isa = PBXGroup;
			children = (
				37A4522A2C21276F00A2AFDA /* View_SignIN.swift */,
				37A4522C2C21278800A2AFDA /* ViewModel_SignIN.swift */,
			);
			path = SignIN;
			sourceTree = "<group>";
		};
		37DCA73A2C3E25C900E47E33 /* Main */ = {
			isa = PBXGroup;
			children = (
				372F5E5F2C5A0D4500064283 /* Todo */,
				37DCA7402C3E2AD700E47E33 /* Main_Tab */,
				37DCA73B2C3E25D700E47E33 /* User */,
			);
			path = Main;
			sourceTree = "<group>";
		};
		37DCA73B2C3E25D700E47E33 /* User */ = {
			isa = PBXGroup;
			children = (
				37DCA73C2C3E260A00E47E33 /* User_View.swift */,
				37DCA73E2C3E261F00E47E33 /* User_ViewModel.swift */,
			);
			path = User;
			sourceTree = "<group>";
		};
		37DCA7402C3E2AD700E47E33 /* Main_Tab */ = {
			isa = PBXGroup;
			children = (
				37DCA7412C3E2AFF00E47E33 /* MainTab_View.swift */,
				372F5E562C5715A900064283 /* MainTab_ViewModel.swift */,
			);
			path = Main_Tab;
			sourceTree = "<group>";
		};
		876E55FE1678588BC6193248 /* Pods */ = {
			isa = PBXGroup;
			children = (
				3020A30216B477E96C59BECD /* Pods-BlanketKick.debug.xcconfig */,
				02F5CFD85625BF0496485CDF /* Pods-BlanketKick.release.xcconfig */,
				5BE68F83D61E5EC4828D4552 /* Pods-BlanketKick-BlanketKickUITests.debug.xcconfig */,
				8E58FE1108C6A9C14D61AC36 /* Pods-BlanketKick-BlanketKickUITests.release.xcconfig */,
				81E8DDCBB0677C2277F5D937 /* Pods-BlanketKickTests.debug.xcconfig */,
				25E53A2BD2A5EF9B275C41EA /* Pods-BlanketKickTests.release.xcconfig */,
			);
			path = Pods;
			sourceTree = "<group>";
		};
		8D409ED01E9E600BC445BC76 /* Frameworks */ = {
			isa = PBXGroup;
			children = (
				6766C7015799D39A52E42489 /* Pods_BlanketKick.framework */,
				11A299D3595A4DC0687FA0FC /* Pods_BlanketKick_BlanketKickUITests.framework */,
				1660888A979CDF83E261760B /* Pods_BlanketKickTests.framework */,
			);
			name = Frameworks;
			sourceTree = "<group>";
		};
/* End PBXGroup section */

/* Begin PBXNativeTarget section */
		372B59572C21266B001ED696 /* BlanketKick */ = {
			isa = PBXNativeTarget;
			buildConfigurationList = 372B59812C21266C001ED696 /* Build configuration list for PBXNativeTarget "BlanketKick" */;
			buildPhases = (
				531EA6042701ECA81581B8C6 /* [CP] Check Pods Manifest.lock */,
				372B59542C21266B001ED696 /* Sources */,
				372B59552C21266B001ED696 /* Frameworks */,
				372B59562C21266B001ED696 /* Resources */,
				AB426EA3BE78591E6DF068C8 /* [CP] Embed Pods Frameworks */,
				375858EE2C2E48CE002978EE /* Embed Frameworks */,
			);
			buildRules = (
			);
			dependencies = (
			);
			name = BlanketKick;
			productName = BlanketKick;
			productReference = 372B59582C21266B001ED696 /* BlanketKick.app */;
			productType = "com.apple.product-type.application";
		};
		372B596C2C21266C001ED696 /* BlanketKickTests */ = {
			isa = PBXNativeTarget;
			buildConfigurationList = 372B59842C21266C001ED696 /* Build configuration list for PBXNativeTarget "BlanketKickTests" */;
			buildPhases = (
				5DFCF2CD232789EDA5B7FDC6 /* [CP] Check Pods Manifest.lock */,
				372B59692C21266C001ED696 /* Sources */,
				372B596A2C21266C001ED696 /* Frameworks */,
				372B596B2C21266C001ED696 /* Resources */,
			);
			buildRules = (
			);
			dependencies = (
				372B596F2C21266C001ED696 /* PBXTargetDependency */,
			);
			name = BlanketKickTests;
			productName = BlanketKickTests;
			productReference = 372B596D2C21266C001ED696 /* BlanketKickTests.xctest */;
			productType = "com.apple.product-type.bundle.unit-test";
		};
		372B59762C21266C001ED696 /* BlanketKickUITests */ = {
			isa = PBXNativeTarget;
			buildConfigurationList = 372B59872C21266C001ED696 /* Build configuration list for PBXNativeTarget "BlanketKickUITests" */;
			buildPhases = (
				CC43F3B15CA4F60BF8A16324 /* [CP] Check Pods Manifest.lock */,
				372B59732C21266C001ED696 /* Sources */,
				372B59742C21266C001ED696 /* Frameworks */,
				372B59752C21266C001ED696 /* Resources */,
				24BC74C74F7DA587E76216B9 /* [CP] Embed Pods Frameworks */,
			);
			buildRules = (
			);
			dependencies = (
				372B59792C21266C001ED696 /* PBXTargetDependency */,
			);
			name = BlanketKickUITests;
			productName = BlanketKickUITests;
			productReference = 372B59772C21266C001ED696 /* BlanketKickUITests.xctest */;
			productType = "com.apple.product-type.bundle.ui-testing";
		};
/* End PBXNativeTarget section */

/* Begin PBXProject section */
		372B59502C21266B001ED696 /* Project object */ = {
			isa = PBXProject;
			attributes = {
				BuildIndependentTargetsInParallel = 1;
				LastSwiftUpdateCheck = 1540;
				LastUpgradeCheck = 1540;
				TargetAttributes = {
					372B59572C21266B001ED696 = {
						CreatedOnToolsVersion = 15.4;
					};
					372B596C2C21266C001ED696 = {
						CreatedOnToolsVersion = 15.4;
						TestTargetID = 372B59572C21266B001ED696;
					};
					372B59762C21266C001ED696 = {
						CreatedOnToolsVersion = 15.4;
						TestTargetID = 372B59572C21266B001ED696;
					};
				};
			};
			buildConfigurationList = 372B59532C21266B001ED696 /* Build configuration list for PBXProject "BlanketKick" */;
			compatibilityVersion = "Xcode 14.0";
			developmentRegion = en;
			hasScannedForEncodings = 0;
			knownRegions = (
				en,
				Base,
			);
			mainGroup = 372B594F2C21266B001ED696;
			productRefGroup = 372B59592C21266B001ED696 /* Products */;
			projectDirPath = "";
			projectRoot = "";
			targets = (
				372B59572C21266B001ED696 /* BlanketKick */,
				372B596C2C21266C001ED696 /* BlanketKickTests */,
				372B59762C21266C001ED696 /* BlanketKickUITests */,
			);
		};
/* End PBXProject section */

/* Begin PBXResourcesBuildPhase section */
		372B59562C21266B001ED696 /* Resources */ = {
			isa = PBXResourcesBuildPhase;
			buildActionMask = 2147483647;
			files = (
				372B59632C21266C001ED696 /* Preview Assets.xcassets in Resources */,
				372B59602C21266C001ED696 /* Assets.xcassets in Resources */,
				375858EB2C2E47FE002978EE /* GoogleService-Info.plist in Resources */,
			);
			runOnlyForDeploymentPostprocessing = 0;
		};
		372B596B2C21266C001ED696 /* Resources */ = {
			isa = PBXResourcesBuildPhase;
			buildActionMask = 2147483647;
			files = (
			);
			runOnlyForDeploymentPostprocessing = 0;
		};
		372B59752C21266C001ED696 /* Resources */ = {
			isa = PBXResourcesBuildPhase;
			buildActionMask = 2147483647;
			files = (
			);
			runOnlyForDeploymentPostprocessing = 0;
		};
/* End PBXResourcesBuildPhase section */

/* Begin PBXShellScriptBuildPhase section */
		24BC74C74F7DA587E76216B9 /* [CP] Embed Pods Frameworks */ = {
			isa = PBXShellScriptBuildPhase;
			buildActionMask = 2147483647;
			files = (
			);
			inputFileListPaths = (
				"${PODS_ROOT}/Target Support Files/Pods-BlanketKick-BlanketKickUITests/Pods-BlanketKick-BlanketKickUITests-frameworks-${CONFIGURATION}-input-files.xcfilelist",
			);
			name = "[CP] Embed Pods Frameworks";
			outputFileListPaths = (
				"${PODS_ROOT}/Target Support Files/Pods-BlanketKick-BlanketKickUITests/Pods-BlanketKick-BlanketKickUITests-frameworks-${CONFIGURATION}-output-files.xcfilelist",
			);
			runOnlyForDeploymentPostprocessing = 0;
			shellPath = /bin/sh;
			shellScript = "\"${PODS_ROOT}/Target Support Files/Pods-BlanketKick-BlanketKickUITests/Pods-BlanketKick-BlanketKickUITests-frameworks.sh\"\n";
			showEnvVarsInLog = 0;
		};
		531EA6042701ECA81581B8C6 /* [CP] Check Pods Manifest.lock */ = {
			isa = PBXShellScriptBuildPhase;
			buildActionMask = 2147483647;
			files = (
			);
			inputFileListPaths = (
			);
			inputPaths = (
				"${PODS_PODFILE_DIR_PATH}/Podfile.lock",
				"${PODS_ROOT}/Manifest.lock",
			);
			name = "[CP] Check Pods Manifest.lock";
			outputFileListPaths = (
			);
			outputPaths = (
				"$(DERIVED_FILE_DIR)/Pods-BlanketKick-checkManifestLockResult.txt",
			);
			runOnlyForDeploymentPostprocessing = 0;
			shellPath = /bin/sh;
			shellScript = "diff \"${PODS_PODFILE_DIR_PATH}/Podfile.lock\" \"${PODS_ROOT}/Manifest.lock\" > /dev/null\nif [ $? != 0 ] ; then\n    # print error to STDERR\n    echo \"error: The sandbox is not in sync with the Podfile.lock. Run 'pod install' or update your CocoaPods installation.\" >&2\n    exit 1\nfi\n# This output is used by Xcode 'outputs' to avoid re-running this script phase.\necho \"SUCCESS\" > \"${SCRIPT_OUTPUT_FILE_0}\"\n";
			showEnvVarsInLog = 0;
		};
		5DFCF2CD232789EDA5B7FDC6 /* [CP] Check Pods Manifest.lock */ = {
			isa = PBXShellScriptBuildPhase;
			buildActionMask = 2147483647;
			files = (
			);
			inputFileListPaths = (
			);
			inputPaths = (
				"${PODS_PODFILE_DIR_PATH}/Podfile.lock",
				"${PODS_ROOT}/Manifest.lock",
			);
			name = "[CP] Check Pods Manifest.lock";
			outputFileListPaths = (
			);
			outputPaths = (
				"$(DERIVED_FILE_DIR)/Pods-BlanketKickTests-checkManifestLockResult.txt",
			);
			runOnlyForDeploymentPostprocessing = 0;
			shellPath = /bin/sh;
			shellScript = "diff \"${PODS_PODFILE_DIR_PATH}/Podfile.lock\" \"${PODS_ROOT}/Manifest.lock\" > /dev/null\nif [ $? != 0 ] ; then\n    # print error to STDERR\n    echo \"error: The sandbox is not in sync with the Podfile.lock. Run 'pod install' or update your CocoaPods installation.\" >&2\n    exit 1\nfi\n# This output is used by Xcode 'outputs' to avoid re-running this script phase.\necho \"SUCCESS\" > \"${SCRIPT_OUTPUT_FILE_0}\"\n";
			showEnvVarsInLog = 0;
		};
		AB426EA3BE78591E6DF068C8 /* [CP] Embed Pods Frameworks */ = {
			isa = PBXShellScriptBuildPhase;
			buildActionMask = 2147483647;
			files = (
			);
			inputFileListPaths = (
				"${PODS_ROOT}/Target Support Files/Pods-BlanketKick/Pods-BlanketKick-frameworks-${CONFIGURATION}-input-files.xcfilelist",
			);
			name = "[CP] Embed Pods Frameworks";
			outputFileListPaths = (
				"${PODS_ROOT}/Target Support Files/Pods-BlanketKick/Pods-BlanketKick-frameworks-${CONFIGURATION}-output-files.xcfilelist",
			);
			runOnlyForDeploymentPostprocessing = 0;
			shellPath = /bin/sh;
			shellScript = "\"${PODS_ROOT}/Target Support Files/Pods-BlanketKick/Pods-BlanketKick-frameworks.sh\"\n";
			showEnvVarsInLog = 0;
		};
		CC43F3B15CA4F60BF8A16324 /* [CP] Check Pods Manifest.lock */ = {
			isa = PBXShellScriptBuildPhase;
			buildActionMask = 2147483647;
			files = (
			);
			inputFileListPaths = (
			);
			inputPaths = (
				"${PODS_PODFILE_DIR_PATH}/Podfile.lock",
				"${PODS_ROOT}/Manifest.lock",
			);
			name = "[CP] Check Pods Manifest.lock";
			outputFileListPaths = (
			);
			outputPaths = (
				"$(DERIVED_FILE_DIR)/Pods-BlanketKick-BlanketKickUITests-checkManifestLockResult.txt",
			);
			runOnlyForDeploymentPostprocessing = 0;
			shellPath = /bin/sh;
			shellScript = "diff \"${PODS_PODFILE_DIR_PATH}/Podfile.lock\" \"${PODS_ROOT}/Manifest.lock\" > /dev/null\nif [ $? != 0 ] ; then\n    # print error to STDERR\n    echo \"error: The sandbox is not in sync with the Podfile.lock. Run 'pod install' or update your CocoaPods installation.\" >&2\n    exit 1\nfi\n# This output is used by Xcode 'outputs' to avoid re-running this script phase.\necho \"SUCCESS\" > \"${SCRIPT_OUTPUT_FILE_0}\"\n";
			showEnvVarsInLog = 0;
		};
/* End PBXShellScriptBuildPhase section */

/* Begin PBXSourcesBuildPhase section */
		372B59542C21266B001ED696 /* Sources */ = {
			isa = PBXSourcesBuildPhase;
			buildActionMask = 2147483647;
			files = (
				37A4522D2C21278800A2AFDA /* ViewModel_SignIN.swift in Sources */,
				37A4523F2C21285300A2AFDA /* GradientStrokeSecureField.swift in Sources */,
				37A4523B2C21283500A2AFDA /* GradientCircle.swift in Sources */,
				37DCA73D2C3E260A00E47E33 /* User_View.swift in Sources */,
				372F5E632C5A0D6400064283 /* Todo_ViewModel.swift in Sources */,
				37DCA73F2C3E261F00E47E33 /* User_ViewModel.swift in Sources */,
				37A4522B2C21276F00A2AFDA /* View_SignIN.swift in Sources */,
				37A4523D2C21284400A2AFDA /* GradientStrokeTextField.swift in Sources */,
				37A452312C2127C400A2AFDA /* ViewModel_SignUP.swift in Sources */,
				37A452332C2127E200A2AFDA /* Model_SignIN_SignUP.swift in Sources */,
				37DCA7472C489C2300E47E33 /* Firebase.swift in Sources */,
				372B59652C21266C001ED696 /* Persistence.swift in Sources */,
				372F5E612C5A0D5600064283 /* Todo_View.swift in Sources */,
				372F5E652C6385C200064283 /* AppStateForLoginLogOut.swift in Sources */,
				372B595C2C21266B001ED696 /* BlanketKickApp.swift in Sources */,
				37DCA7422C3E2AFF00E47E33 /* MainTab_View.swift in Sources */,
				37A452412C21286100A2AFDA /* WavyRectangle.swift in Sources */,
				37A452392C21282300A2AFDA /* GradientStrokeButton.swift in Sources */,
				37A452352C21280100A2AFDA /* ImagePicker.swift in Sources */,
				37A4522F2C2127B700A2AFDA /* View_SignUP.swift in Sources */,
				37A452372C21281300A2AFDA /* GradientText.swift in Sources */,
				372B59682C21266C001ED696 /* BlanketKick.xcdatamodeld in Sources */,
				372F5E572C5715A900064283 /* MainTab_ViewModel.swift in Sources */,
			);
			runOnlyForDeploymentPostprocessing = 0;
		};
		372B59692C21266C001ED696 /* Sources */ = {
			isa = PBXSourcesBuildPhase;
			buildActionMask = 2147483647;
			files = (
				372B59722C21266C001ED696 /* BlanketKickTests.swift in Sources */,
			);
			runOnlyForDeploymentPostprocessing = 0;
		};
		372B59732C21266C001ED696 /* Sources */ = {
			isa = PBXSourcesBuildPhase;
			buildActionMask = 2147483647;
			files = (
				372B597E2C21266C001ED696 /* BlanketKickUITestsLaunchTests.swift in Sources */,
				372B597C2C21266C001ED696 /* BlanketKickUITests.swift in Sources */,
			);
			runOnlyForDeploymentPostprocessing = 0;
		};
/* End PBXSourcesBuildPhase section */

/* Begin PBXTargetDependency section */
		372B596F2C21266C001ED696 /* PBXTargetDependency */ = {
			isa = PBXTargetDependency;
			target = 372B59572C21266B001ED696 /* BlanketKick */;
			targetProxy = 372B596E2C21266C001ED696 /* PBXContainerItemProxy */;
		};
		372B59792C21266C001ED696 /* PBXTargetDependency */ = {
			isa = PBXTargetDependency;
			target = 372B59572C21266B001ED696 /* BlanketKick */;
			targetProxy = 372B59782C21266C001ED696 /* PBXContainerItemProxy */;
		};
/* End PBXTargetDependency section */

/* Begin XCBuildConfiguration section */
		372B597F2C21266C001ED696 /* Debug */ = {
			isa = XCBuildConfiguration;
			buildSettings = {
				ALWAYS_SEARCH_USER_PATHS = NO;
				ASSETCATALOG_COMPILER_GENERATE_SWIFT_ASSET_SYMBOL_EXTENSIONS = YES;
				CLANG_ANALYZER_NONNULL = YES;
				CLANG_ANALYZER_NUMBER_OBJECT_CONVERSION = YES_AGGRESSIVE;
				CLANG_CXX_LANGUAGE_STANDARD = "gnu++20";
				CLANG_ENABLE_MODULES = YES;
				CLANG_ENABLE_OBJC_ARC = YES;
				CLANG_ENABLE_OBJC_WEAK = YES;
				CLANG_WARN_BLOCK_CAPTURE_AUTORELEASING = YES;
				CLANG_WARN_BOOL_CONVERSION = YES;
				CLANG_WARN_COMMA = YES;
				CLANG_WARN_CONSTANT_CONVERSION = YES;
				CLANG_WARN_DEPRECATED_OBJC_IMPLEMENTATIONS = YES;
				CLANG_WARN_DIRECT_OBJC_ISA_USAGE = YES_ERROR;
				CLANG_WARN_DOCUMENTATION_COMMENTS = YES;
				CLANG_WARN_EMPTY_BODY = YES;
				CLANG_WARN_ENUM_CONVERSION = YES;
				CLANG_WARN_INFINITE_RECURSION = YES;
				CLANG_WARN_INT_CONVERSION = YES;
				CLANG_WARN_NON_LITERAL_NULL_CONVERSION = YES;
				CLANG_WARN_OBJC_IMPLICIT_RETAIN_SELF = YES;
				CLANG_WARN_OBJC_LITERAL_CONVERSION = YES;
				CLANG_WARN_OBJC_ROOT_CLASS = YES_ERROR;
				CLANG_WARN_QUOTED_INCLUDE_IN_FRAMEWORK_HEADER = YES;
				CLANG_WARN_RANGE_LOOP_ANALYSIS = YES;
				CLANG_WARN_STRICT_PROTOTYPES = YES;
				CLANG_WARN_SUSPICIOUS_MOVE = YES;
				CLANG_WARN_UNGUARDED_AVAILABILITY = YES_AGGRESSIVE;
				CLANG_WARN_UNREACHABLE_CODE = YES;
				CLANG_WARN__DUPLICATE_METHOD_MATCH = YES;
				COPY_PHASE_STRIP = NO;
				DEBUG_INFORMATION_FORMAT = dwarf;
				ENABLE_STRICT_OBJC_MSGSEND = YES;
				ENABLE_TESTABILITY = YES;
				ENABLE_USER_SCRIPT_SANDBOXING = NO;
				GCC_C_LANGUAGE_STANDARD = gnu17;
				GCC_DYNAMIC_NO_PIC = NO;
				GCC_NO_COMMON_BLOCKS = YES;
				GCC_OPTIMIZATION_LEVEL = 0;
				GCC_PREPROCESSOR_DEFINITIONS = (
					"DEBUG=1",
					"$(inherited)",
				);
				GCC_WARN_64_TO_32_BIT_CONVERSION = YES;
				GCC_WARN_ABOUT_RETURN_TYPE = YES_ERROR;
				GCC_WARN_UNDECLARED_SELECTOR = YES;
				GCC_WARN_UNINITIALIZED_AUTOS = YES_AGGRESSIVE;
				GCC_WARN_UNUSED_FUNCTION = YES;
				GCC_WARN_UNUSED_VARIABLE = YES;
				IPHONEOS_DEPLOYMENT_TARGET = 17.5;
				LOCALIZATION_PREFERS_STRING_CATALOGS = YES;
				MTL_ENABLE_DEBUG_INFO = INCLUDE_SOURCE;
				MTL_FAST_MATH = YES;
				ONLY_ACTIVE_ARCH = YES;
				SDKROOT = iphoneos;
				SWIFT_ACTIVE_COMPILATION_CONDITIONS = "DEBUG $(inherited)";
				SWIFT_OPTIMIZATION_LEVEL = "-Onone";
			};
			name = Debug;
		};
		372B59802C21266C001ED696 /* Release */ = {
			isa = XCBuildConfiguration;
			buildSettings = {
				ALWAYS_SEARCH_USER_PATHS = NO;
				ASSETCATALOG_COMPILER_GENERATE_SWIFT_ASSET_SYMBOL_EXTENSIONS = YES;
				CLANG_ANALYZER_NONNULL = YES;
				CLANG_ANALYZER_NUMBER_OBJECT_CONVERSION = YES_AGGRESSIVE;
				CLANG_CXX_LANGUAGE_STANDARD = "gnu++20";
				CLANG_ENABLE_MODULES = YES;
				CLANG_ENABLE_OBJC_ARC = YES;
				CLANG_ENABLE_OBJC_WEAK = YES;
				CLANG_WARN_BLOCK_CAPTURE_AUTORELEASING = YES;
				CLANG_WARN_BOOL_CONVERSION = YES;
				CLANG_WARN_COMMA = YES;
				CLANG_WARN_CONSTANT_CONVERSION = YES;
				CLANG_WARN_DEPRECATED_OBJC_IMPLEMENTATIONS = YES;
				CLANG_WARN_DIRECT_OBJC_ISA_USAGE = YES_ERROR;
				CLANG_WARN_DOCUMENTATION_COMMENTS = YES;
				CLANG_WARN_EMPTY_BODY = YES;
				CLANG_WARN_ENUM_CONVERSION = YES;
				CLANG_WARN_INFINITE_RECURSION = YES;
				CLANG_WARN_INT_CONVERSION = YES;
				CLANG_WARN_NON_LITERAL_NULL_CONVERSION = YES;
				CLANG_WARN_OBJC_IMPLICIT_RETAIN_SELF = YES;
				CLANG_WARN_OBJC_LITERAL_CONVERSION = YES;
				CLANG_WARN_OBJC_ROOT_CLASS = YES_ERROR;
				CLANG_WARN_QUOTED_INCLUDE_IN_FRAMEWORK_HEADER = YES;
				CLANG_WARN_RANGE_LOOP_ANALYSIS = YES;
				CLANG_WARN_STRICT_PROTOTYPES = YES;
				CLANG_WARN_SUSPICIOUS_MOVE = YES;
				CLANG_WARN_UNGUARDED_AVAILABILITY = YES_AGGRESSIVE;
				CLANG_WARN_UNREACHABLE_CODE = YES;
				CLANG_WARN__DUPLICATE_METHOD_MATCH = YES;
				COPY_PHASE_STRIP = NO;
				DEBUG_INFORMATION_FORMAT = "dwarf-with-dsym";
				ENABLE_NS_ASSERTIONS = NO;
				ENABLE_STRICT_OBJC_MSGSEND = YES;
				ENABLE_USER_SCRIPT_SANDBOXING = NO;
				GCC_C_LANGUAGE_STANDARD = gnu17;
				GCC_NO_COMMON_BLOCKS = YES;
				GCC_WARN_64_TO_32_BIT_CONVERSION = YES;
				GCC_WARN_ABOUT_RETURN_TYPE = YES_ERROR;
				GCC_WARN_UNDECLARED_SELECTOR = YES;
				GCC_WARN_UNINITIALIZED_AUTOS = YES_AGGRESSIVE;
				GCC_WARN_UNUSED_FUNCTION = YES;
				GCC_WARN_UNUSED_VARIABLE = YES;
				IPHONEOS_DEPLOYMENT_TARGET = 17.5;
				LOCALIZATION_PREFERS_STRING_CATALOGS = YES;
				MTL_ENABLE_DEBUG_INFO = NO;
				MTL_FAST_MATH = YES;
				SDKROOT = iphoneos;
				SWIFT_COMPILATION_MODE = wholemodule;
				VALIDATE_PRODUCT = YES;
			};
			name = Release;
		};
		372B59822C21266C001ED696 /* Debug */ = {
			isa = XCBuildConfiguration;
			baseConfigurationReference = 3020A30216B477E96C59BECD /* Pods-BlanketKick.debug.xcconfig */;
			buildSettings = {
				ASSETCATALOG_COMPILER_APPICON_NAME = AppIcon;
				ASSETCATALOG_COMPILER_GLOBAL_ACCENT_COLOR_NAME = AccentColor;
				CODE_SIGN_STYLE = Automatic;
				CURRENT_PROJECT_VERSION = 1;
				DEVELOPMENT_ASSET_PATHS = "\"BlanketKick/Preview Content\"";
				DEVELOPMENT_TEAM = 455JA9KDPY;
				ENABLE_PREVIEWS = YES;
				GENERATE_INFOPLIST_FILE = YES;
				INFOPLIST_KEY_NSLocationAlwaysAndWhenInUseUsageDescription = "";
				INFOPLIST_KEY_NSLocationWhenInUseUsageDescription = "사용자위치서비스";
				INFOPLIST_KEY_UIApplicationSceneManifest_Generation = YES;
				INFOPLIST_KEY_UIApplicationSupportsIndirectInputEvents = YES;
				INFOPLIST_KEY_UILaunchScreen_Generation = YES;
				INFOPLIST_KEY_UISupportedInterfaceOrientations_iPad = "UIInterfaceOrientationPortrait UIInterfaceOrientationPortraitUpsideDown UIInterfaceOrientationLandscapeLeft UIInterfaceOrientationLandscapeRight";
				INFOPLIST_KEY_UISupportedInterfaceOrientations_iPhone = "UIInterfaceOrientationPortrait UIInterfaceOrientationLandscapeLeft UIInterfaceOrientationLandscapeRight";
				LD_RUNPATH_SEARCH_PATHS = (
					"$(inherited)",
					"@executable_path/Frameworks",
				);
				MARKETING_VERSION = 1.0;
				PRODUCT_BUNDLE_IDENTIFIER = BlanketKick.BlanketKick;
				PRODUCT_NAME = "$(TARGET_NAME)";
				SWIFT_EMIT_LOC_STRINGS = YES;
				SWIFT_VERSION = 5.0;
				TARGETED_DEVICE_FAMILY = "1,2";
			};
			name = Debug;
		};
		372B59832C21266C001ED696 /* Release */ = {
			isa = XCBuildConfiguration;
			baseConfigurationReference = 02F5CFD85625BF0496485CDF /* Pods-BlanketKick.release.xcconfig */;
			buildSettings = {
				ASSETCATALOG_COMPILER_APPICON_NAME = AppIcon;
				ASSETCATALOG_COMPILER_GLOBAL_ACCENT_COLOR_NAME = AccentColor;
				CODE_SIGN_STYLE = Automatic;
				CURRENT_PROJECT_VERSION = 1;
				DEVELOPMENT_ASSET_PATHS = "\"BlanketKick/Preview Content\"";
				DEVELOPMENT_TEAM = 455JA9KDPY;
				ENABLE_PREVIEWS = YES;
				GENERATE_INFOPLIST_FILE = YES;
				INFOPLIST_KEY_NSLocationAlwaysAndWhenInUseUsageDescription = "";
				INFOPLIST_KEY_NSLocationWhenInUseUsageDescription = "사용자위치서비스";
				INFOPLIST_KEY_UIApplicationSceneManifest_Generation = YES;
				INFOPLIST_KEY_UIApplicationSupportsIndirectInputEvents = YES;
				INFOPLIST_KEY_UILaunchScreen_Generation = YES;
				INFOPLIST_KEY_UISupportedInterfaceOrientations_iPad = "UIInterfaceOrientationPortrait UIInterfaceOrientationPortraitUpsideDown UIInterfaceOrientationLandscapeLeft UIInterfaceOrientationLandscapeRight";
				INFOPLIST_KEY_UISupportedInterfaceOrientations_iPhone = "UIInterfaceOrientationPortrait UIInterfaceOrientationLandscapeLeft UIInterfaceOrientationLandscapeRight";
				LD_RUNPATH_SEARCH_PATHS = (
					"$(inherited)",
					"@executable_path/Frameworks",
				);
				MARKETING_VERSION = 1.0;
				PRODUCT_BUNDLE_IDENTIFIER = BlanketKick.BlanketKick;
				PRODUCT_NAME = "$(TARGET_NAME)";
				SWIFT_EMIT_LOC_STRINGS = YES;
				SWIFT_VERSION = 5.0;
				TARGETED_DEVICE_FAMILY = "1,2";
			};
			name = Release;
		};
		372B59852C21266C001ED696 /* Debug */ = {
			isa = XCBuildConfiguration;
			baseConfigurationReference = 81E8DDCBB0677C2277F5D937 /* Pods-BlanketKickTests.debug.xcconfig */;
			buildSettings = {
				ALWAYS_EMBED_SWIFT_STANDARD_LIBRARIES = YES;
				BUNDLE_LOADER = "$(TEST_HOST)";
				CODE_SIGN_STYLE = Automatic;
				CURRENT_PROJECT_VERSION = 1;
				DEVELOPMENT_TEAM = 455JA9KDPY;
				GENERATE_INFOPLIST_FILE = YES;
				IPHONEOS_DEPLOYMENT_TARGET = 17.5;
				MARKETING_VERSION = 1.0;
				PRODUCT_BUNDLE_IDENTIFIER = BlanketKick.BlanketKickTests;
				PRODUCT_NAME = "$(TARGET_NAME)";
				SWIFT_EMIT_LOC_STRINGS = NO;
				SWIFT_VERSION = 5.0;
				TARGETED_DEVICE_FAMILY = "1,2";
				TEST_HOST = "$(BUILT_PRODUCTS_DIR)/BlanketKick.app/$(BUNDLE_EXECUTABLE_FOLDER_PATH)/BlanketKick";
			};
			name = Debug;
		};
		372B59862C21266C001ED696 /* Release */ = {
			isa = XCBuildConfiguration;
			baseConfigurationReference = 25E53A2BD2A5EF9B275C41EA /* Pods-BlanketKickTests.release.xcconfig */;
			buildSettings = {
				ALWAYS_EMBED_SWIFT_STANDARD_LIBRARIES = YES;
				BUNDLE_LOADER = "$(TEST_HOST)";
				CODE_SIGN_STYLE = Automatic;
				CURRENT_PROJECT_VERSION = 1;
				DEVELOPMENT_TEAM = 455JA9KDPY;
				GENERATE_INFOPLIST_FILE = YES;
				IPHONEOS_DEPLOYMENT_TARGET = 17.5;
				MARKETING_VERSION = 1.0;
				PRODUCT_BUNDLE_IDENTIFIER = BlanketKick.BlanketKickTests;
				PRODUCT_NAME = "$(TARGET_NAME)";
				SWIFT_EMIT_LOC_STRINGS = NO;
				SWIFT_VERSION = 5.0;
				TARGETED_DEVICE_FAMILY = "1,2";
				TEST_HOST = "$(BUILT_PRODUCTS_DIR)/BlanketKick.app/$(BUNDLE_EXECUTABLE_FOLDER_PATH)/BlanketKick";
			};
			name = Release;
		};
		372B59882C21266C001ED696 /* Debug */ = {
			isa = XCBuildConfiguration;
			baseConfigurationReference = 5BE68F83D61E5EC4828D4552 /* Pods-BlanketKick-BlanketKickUITests.debug.xcconfig */;
			buildSettings = {
				ALWAYS_EMBED_SWIFT_STANDARD_LIBRARIES = YES;
				CODE_SIGN_STYLE = Automatic;
				CURRENT_PROJECT_VERSION = 1;
				DEVELOPMENT_TEAM = 455JA9KDPY;
				GENERATE_INFOPLIST_FILE = YES;
				MARKETING_VERSION = 1.0;
				PRODUCT_BUNDLE_IDENTIFIER = BlanketKick.BlanketKickUITests;
				PRODUCT_NAME = "$(TARGET_NAME)";
				SWIFT_EMIT_LOC_STRINGS = NO;
				SWIFT_VERSION = 5.0;
				TARGETED_DEVICE_FAMILY = "1,2";
				TEST_TARGET_NAME = BlanketKick;
			};
			name = Debug;
		};
		372B59892C21266C001ED696 /* Release */ = {
			isa = XCBuildConfiguration;
			baseConfigurationReference = 8E58FE1108C6A9C14D61AC36 /* Pods-BlanketKick-BlanketKickUITests.release.xcconfig */;
			buildSettings = {
				ALWAYS_EMBED_SWIFT_STANDARD_LIBRARIES = YES;
				CODE_SIGN_STYLE = Automatic;
				CURRENT_PROJECT_VERSION = 1;
				DEVELOPMENT_TEAM = 455JA9KDPY;
				GENERATE_INFOPLIST_FILE = YES;
				MARKETING_VERSION = 1.0;
				PRODUCT_BUNDLE_IDENTIFIER = BlanketKick.BlanketKickUITests;
				PRODUCT_NAME = "$(TARGET_NAME)";
				SWIFT_EMIT_LOC_STRINGS = NO;
				SWIFT_VERSION = 5.0;
				TARGETED_DEVICE_FAMILY = "1,2";
				TEST_TARGET_NAME = BlanketKick;
			};
			name = Release;
		};
/* End XCBuildConfiguration section */

/* Begin XCConfigurationList section */
		372B59532C21266B001ED696 /* Build configuration list for PBXProject "BlanketKick" */ = {
			isa = XCConfigurationList;
			buildConfigurations = (
				372B597F2C21266C001ED696 /* Debug */,
				372B59802C21266C001ED696 /* Release */,
			);
			defaultConfigurationIsVisible = 0;
			defaultConfigurationName = Release;
		};
		372B59812C21266C001ED696 /* Build configuration list for PBXNativeTarget "BlanketKick" */ = {
			isa = XCConfigurationList;
			buildConfigurations = (
				372B59822C21266C001ED696 /* Debug */,
				372B59832C21266C001ED696 /* Release */,
			);
			defaultConfigurationIsVisible = 0;
			defaultConfigurationName = Release;
		};
		372B59842C21266C001ED696 /* Build configuration list for PBXNativeTarget "BlanketKickTests" */ = {
			isa = XCConfigurationList;
			buildConfigurations = (
				372B59852C21266C001ED696 /* Debug */,
				372B59862C21266C001ED696 /* Release */,
			);
			defaultConfigurationIsVisible = 0;
			defaultConfigurationName = Release;
		};
		372B59872C21266C001ED696 /* Build configuration list for PBXNativeTarget "BlanketKickUITests" */ = {
			isa = XCConfigurationList;
			buildConfigurations = (
				372B59882C21266C001ED696 /* Debug */,
				372B59892C21266C001ED696 /* Release */,
			);
			defaultConfigurationIsVisible = 0;
			defaultConfigurationName = Release;
		};
/* End XCConfigurationList section */

/* Begin XCVersionGroup section */
		372B59662C21266C001ED696 /* BlanketKick.xcdatamodeld */ = {
			isa = XCVersionGroup;
			children = (
				372B59672C21266C001ED696 /* BlanketKick.xcdatamodel */,
			);
			currentVersion = 372B59672C21266C001ED696 /* BlanketKick.xcdatamodel */;
			path = BlanketKick.xcdatamodeld;
			sourceTree = "<group>";
			versionGroupType = wrapper.xcdatamodel;
		};
/* End XCVersionGroup section */
	};
	rootObject = 372B59502C21266B001ED696 /* Project object */;
}
